
Microsoft Visual Studio Solution File, Format Version 12.00
# Visual Studio Version 17
VisualStudioVersion = 17.3.32901.215
MinimumVisualStudioVersion = 10.0.40219.1
Project("{FAE04EC0-301F-11D3-BF4B-00C04F79EFBC}") = "Hesap", "Hesap.csproj", "{673AE556-5725-4CDD-8255-8676DDE90B41}"
EndProject
Global
	GlobalSection(SolutionConfigurationPlatforms) = preSolution
		Debug|Any CPU = Debug|Any CPU
		Release|Any CPU = Release|Any CPU
	EndGlobalSection
	GlobalSection(ProjectConfigurationPlatforms) = postSolution
		{673AE556-5725-4CDD-8255-8676DDE90B41}.Debug|Any CPU.ActiveCfg = Debug|Any CPU
		{673AE556-5725-4CDD-8255-8676DDE90B41}.Debug|Any CPU.Build.0 = Debug|Any CPU
		{673AE556-5725-4CDD-8255-8676DDE90B41}.Release|Any CPU.ActiveCfg = Release|Any CPU
		{673AE556-5725-4CDD-8255-8676DDE90B41}.Release|Any CPU.Build.0 = Release|Any CPU
	EndGlobalSection
	GlobalSection(SolutionProperties) = preSolution
		HideSolutionNode = FALSE
	EndGlobalSection
	GlobalSection(ExtensibilityGlobals) = postSolution
		SolutionGuid = {74DDF90E-3E33-4115-8526-3ABD76E7093D}
	EndGlobalSection
EndGlobal
